// !$*UTF8*$!
{
	archiveVersion = 1;
	classes = {
	};
	objectVersion = 46;
	objects = {

/* Begin PBXBuildFile section */
		57E4A2A11C8D1E08002856D1 /* AppDelegate.swift in Sources */ = {isa = PBXBuildFile; fileRef = 57E4A2A01C8D1E08002856D1 /* AppDelegate.swift */; };
		57E4A2A31C8D1E08002856D1 /* ViewController.swift in Sources */ = {isa = PBXBuildFile; fileRef = 57E4A2A21C8D1E08002856D1 /* ViewController.swift */; };
		57E4A2A61C8D1E08002856D1 /* Main.storyboard in Resources */ = {isa = PBXBuildFile; fileRef = 57E4A2A41C8D1E08002856D1 /* Main.storyboard */; };
		57E4A2A81C8D1E08002856D1 /* Assets.xcassets in Resources */ = {isa = PBXBuildFile; fileRef = 57E4A2A71C8D1E08002856D1 /* Assets.xcassets */; };
		57E4A2AB1C8D1E08002856D1 /* LaunchScreen.storyboard in Resources */ = {isa = PBXBuildFile; fileRef = 57E4A2A91C8D1E08002856D1 /* LaunchScreen.storyboard */; };
		57E4A2B61C8D1E08002856D1 /* ImageUploadTestTests.swift in Sources */ = {isa = PBXBuildFile; fileRef = 57E4A2B51C8D1E08002856D1 /* ImageUploadTestTests.swift */; };
		57E4A2C11C8D1E08002856D1 /* ImageUploadTestUITests.swift in Sources */ = {isa = PBXBuildFile; fileRef = 57E4A2C01C8D1E08002856D1 /* ImageUploadTestUITests.swift */; };
/* End PBXBuildFile section */

/* Begin PBXContainerItemProxy section */
		57E4A2B21C8D1E08002856D1 /* PBXContainerItemProxy */ = {
			isa = PBXContainerItemProxy;
			containerPortal = 57E4A2951C8D1E07002856D1 /* Project object */;
			proxyType = 1;
			remoteGlobalIDString = 57E4A29C1C8D1E07002856D1;
			remoteInfo = ImageUploadTest;
		};
		57E4A2BD1C8D1E08002856D1 /* PBXContainerItemProxy */ = {
			isa = PBXContainerItemProxy;
			containerPortal = 57E4A2951C8D1E07002856D1 /* Project object */;
			proxyType = 1;
			remoteGlobalIDString = 57E4A29C1C8D1E07002856D1;
			remoteInfo = ImageUploadTest;
		};
/* End PBXContainerItemProxy section */

/* Begin PBXFileReference section */
		57E4A29D1C8D1E07002856D1 /* ImageUploadTest.app */ = {isa = PBXFileReference; explicitFileType = wrapper.application; includeInIndex = 0; path = ImageUploadTest.app; sourceTree = BUILT_PRODUCTS_DIR; };
		57E4A2A01C8D1E08002856D1 /* AppDelegate.swift */ = {isa = PBXFileReference; lastKnownFileType = sourcecode.swift; path = AppDelegate.swift; sourceTree = "<group>"; };
		57E4A2A21C8D1E08002856D1 /* ViewController.swift */ = {isa = PBXFileReference; lastKnownFileType = sourcecode.swift; path = ViewController.swift; sourceTree = "<group>"; };
		57E4A2A51C8D1E08002856D1 /* Base */ = {isa = PBXFileReference; lastKnownFileType = file.storyboard; name = Base; path = Base.lproj/Main.storyboard; sourceTree = "<group>"; };
		57E4A2A71C8D1E08002856D1 /* Assets.xcassets */ = {isa = PBXFileReference; lastKnownFileType = folder.assetcatalog; path = Assets.xcassets; sourceTree = "<group>"; };
		57E4A2AA1C8D1E08002856D1 /* Base */ = {isa = PBXFileReference; lastKnownFileType = file.storyboard; name = Base; path = Base.lproj/LaunchScreen.storyboard; sourceTree = "<group>"; };
		57E4A2AC1C8D1E08002856D1 /* Info.plist */ = {isa = PBXFileReference; lastKnownFileType = text.plist.xml; path = Info.plist; sourceTree = "<group>"; };
		57E4A2B11C8D1E08002856D1 /* ImageUploadTestTests.xctest */ = {isa = PBXFileReference; explicitFileType = wrapper.cfbundle; includeInIndex = 0; path = ImageUploadTestTests.xctest; sourceTree = BUILT_PRODUCTS_DIR; };
		57E4A2B51C8D1E08002856D1 /* ImageUploadTestTests.swift */ = {isa = PBXFileReference; lastKnownFileType = sourcecode.swift; path = ImageUploadTestTests.swift; sourceTree = "<group>"; };
		57E4A2B71C8D1E08002856D1 /* Info.plist */ = {isa = PBXFileReference; lastKnownFileType = text.plist.xml; path = Info.plist; sourceTree = "<group>"; };
		57E4A2BC1C8D1E08002856D1 /* ImageUploadTestUITests.xctest */ = {isa = PBXFileReference; explicitFileType = wrapper.cfbundle; includeInIndex = 0; path = ImageUploadTestUITests.xctest; sourceTree = BUILT_PRODUCTS_DIR; };
		57E4A2C01C8D1E08002856D1 /* ImageUploadTestUITests.swift */ = {isa = PBXFileReference; lastKnownFileType = sourcecode.swift; path = ImageUploadTestUITests.swift; sourceTree = "<group>"; };
		57E4A2C21C8D1E08002856D1 /* Info.plist */ = {isa = PBXFileReference; lastKnownFileType = text.plist.xml; path = Info.plist; sourceTree = "<group>"; };
/* End PBXFileReference section */

/* Begin PBXFrameworksBuildPhase section */
		57E4A29A1C8D1E07002856D1 /* Frameworks */ = {
			isa = PBXFrameworksBuildPhase;
			buildActionMask = 2147483647;
			files = (
			);
			runOnlyForDeploymentPostprocessing = 0;
		};
		57E4A2AE1C8D1E08002856D1 /* Frameworks */ = {
			isa = PBXFrameworksBuildPhase;
			buildActionMask = 2147483647;
			files = (
			);
			runOnlyForDeploymentPostprocessing = 0;
		};
		57E4A2B91C8D1E08002856D1 /* Frameworks */ = {
			isa = PBXFrameworksBuildPhase;
			buildActionMask = 2147483647;
			files = (
			);
			runOnlyForDeploymentPostprocessing = 0;
		};
/* End PBXFrameworksBuildPhase section */

/* Begin PBXGroup section */
		57E4A2941C8D1E07002856D1 = {
			isa = PBXGroup;
			children = (
				57E4A29F1C8D1E08002856D1 /* ImageUploadTest */,
				57E4A2B41C8D1E08002856D1 /* ImageUploadTestTests */,
				57E4A2BF1C8D1E08002856D1 /* ImageUploadTestUITests */,
				57E4A29E1C8D1E07002856D1 /* Products */,
			);
			sourceTree = "<group>";
		};
		57E4A29E1C8D1E07002856D1 /* Products */ = {
			isa = PBXGroup;
			children = (
				57E4A29D1C8D1E07002856D1 /* ImageUploadTest.app */,
				57E4A2B11C8D1E08002856D1 /* ImageUploadTestTests.xctest */,
				57E4A2BC1C8D1E08002856D1 /* ImageUploadTestUITests.xctest */,
			);
			name = Products;
			sourceTree = "<group>";
		};
		57E4A29F1C8D1E08002856D1 /* ImageUploadTest */ = {
			isa = PBXGroup;
			children = (
				57E4A2A01C8D1E08002856D1 /* AppDelegate.swift */,
				57E4A2A21C8D1E08002856D1 /* ViewController.swift */,
				57E4A2A41C8D1E08002856D1 /* Main.storyboard */,
				57E4A2A71C8D1E08002856D1 /* Assets.xcassets */,
				57E4A2A91C8D1E08002856D1 /* LaunchScreen.storyboard */,
				57E4A2AC1C8D1E08002856D1 /* Info.plist */,
			);
			path = ImageUploadTest;
			sourceTree = "<group>";
		};
		57E4A2B41C8D1E08002856D1 /* ImageUploadTestTests */ = {
			isa = PBXGroup;
			children = (
				57E4A2B51C8D1E08002856D1 /* ImageUploadTestTests.swift */,
				57E4A2B71C8D1E08002856D1 /* Info.plist */,
			);
			path = ImageUploadTestTests;
			sourceTree = "<group>";
		};
		57E4A2BF1C8D1E08002856D1 /* ImageUploadTestUITests */ = {
			isa = PBXGroup;
			children = (
				57E4A2C01C8D1E08002856D1 /* ImageUploadTestUITests.swift */,
				57E4A2C21C8D1E08002856D1 /* Info.plist */,
			);
			path = ImageUploadTestUITests;
			sourceTree = "<group>";
		};
/* End PBXGroup section */

/* Begin PBXNativeTarget section */
		57E4A29C1C8D1E07002856D1 /* ImageUploadTest */ = {
			isa = PBXNativeTarget;
			buildConfigurationList = 57E4A2C51C8D1E08002856D1 /* Build configuration list for PBXNativeTarget "ImageUploadTest" */;
			buildPhases = (
				57E4A2991C8D1E07002856D1 /* Sources */,
				57E4A29A1C8D1E07002856D1 /* Frameworks */,
				57E4A29B1C8D1E07002856D1 /* Resources */,
			);
			buildRules = (
			);
			dependencies = (
			);
			name = ImageUploadTest;
			productName = ImageUploadTest;
			productReference = 57E4A29D1C8D1E07002856D1 /* ImageUploadTest.app */;
			productType = "com.apple.product-type.application";
		};
		57E4A2B01C8D1E08002856D1 /* ImageUploadTestTests */ = {
			isa = PBXNativeTarget;
			buildConfigurationList = 57E4A2C81C8D1E08002856D1 /* Build configuration list for PBXNativeTarget "ImageUploadTestTests" */;
			buildPhases = (
				57E4A2AD1C8D1E08002856D1 /* Sources */,
				57E4A2AE1C8D1E08002856D1 /* Frameworks */,
				57E4A2AF1C8D1E08002856D1 /* Resources */,
			);
			buildRules = (
			);
			dependencies = (
				57E4A2B31C8D1E08002856D1 /* PBXTargetDependency */,
			);
			name = ImageUploadTestTests;
			productName = ImageUploadTestTests;
			productReference = 57E4A2B11C8D1E08002856D1 /* ImageUploadTestTests.xctest */;
			productType = "com.apple.product-type.bundle.unit-test";
		};
		57E4A2BB1C8D1E08002856D1 /* ImageUploadTestUITests */ = {
			isa = PBXNativeTarget;
			buildConfigurationList = 57E4A2CB1C8D1E08002856D1 /* Build configuration list for PBXNativeTarget "ImageUploadTestUITests" */;
			buildPhases = (
				57E4A2B81C8D1E08002856D1 /* Sources */,
				57E4A2B91C8D1E08002856D1 /* Frameworks */,
				57E4A2BA1C8D1E08002856D1 /* Resources */,
			);
			buildRules = (
			);
			dependencies = (
				57E4A2BE1C8D1E08002856D1 /* PBXTargetDependency */,
			);
			name = ImageUploadTestUITests;
			productName = ImageUploadTestUITests;
			productReference = 57E4A2BC1C8D1E08002856D1 /* ImageUploadTestUITests.xctest */;
			productType = "com.apple.product-type.bundle.ui-testing";
		};
/* End PBXNativeTarget section */

/* Begin PBXProject section */
		57E4A2951C8D1E07002856D1 /* Project object */ = {
			isa = PBXProject;
			attributes = {
				LastSwiftUpdateCheck = 0720;
				LastUpgradeCheck = 0720;
				ORGANIZATIONNAME = lostin;
				TargetAttributes = {
					57E4A29C1C8D1E07002856D1 = {
						CreatedOnToolsVersion = 7.2.1;
					};
					57E4A2B01C8D1E08002856D1 = {
						CreatedOnToolsVersion = 7.2.1;
						TestTargetID = 57E4A29C1C8D1E07002856D1;
					};
					57E4A2BB1C8D1E08002856D1 = {
						CreatedOnToolsVersion = 7.2.1;
						TestTargetID = 57E4A29C1C8D1E07002856D1;
					};
				};
			};
			buildConfigurationList = 57E4A2981C8D1E07002856D1 /* Build configuration list for PBXProject "ImageUploadTest" */;
			compatibilityVersion = "Xcode 3.2";
			developmentRegion = English;
			hasScannedForEncodings = 0;
			knownRegions = (
				en,
				Base,
			);
			mainGroup = 57E4A2941C8D1E07002856D1;
			productRefGroup = 57E4A29E1C8D1E07002856D1 /* Products */;
			projectDirPath = "";
			projectRoot = "";
			targets = (
				57E4A29C1C8D1E07002856D1 /* ImageUploadTest */,
				57E4A2B01C8D1E08002856D1 /* ImageUploadTestTests */,
				57E4A2BB1C8D1E08002856D1 /* ImageUploadTestUITests */,
			);
		};
/* End PBXProject section */

/* Begin PBXResourcesBuildPhase section */
		57E4A29B1C8D1E07002856D1 /* Resources */ = {
			isa = PBXResourcesBuildPhase;
			buildActionMask = 2147483647;
			files = (
				57E4A2AB1C8D1E08002856D1 /* LaunchScreen.storyboard in Resources */,
				57E4A2A81C8D1E08002856D1 /* Assets.xcassets in Resources */,
				57E4A2A61C8D1E08002856D1 /* Main.storyboard in Resources */,
			);
			runOnlyForDeploymentPostprocessing = 0;
		};
		57E4A2AF1C8D1E08002856D1 /* Resources */ = {
			isa = PBXResourcesBuildPhase;
			buildActionMask = 2147483647;
			files = (
			);
			runOnlyForDeploymentPostprocessing = 0;
		};
		57E4A2BA1C8D1E08002856D1 /* Resources */ = {
			isa = PBXResourcesBuildPhase;
			buildActionMask = 2147483647;
			files = (
			);
			runOnlyForDeploymentPostprocessing = 0;
		};
/* End PBXResourcesBuildPhase section */

/* Begin PBXSourcesBuildPhase section */
		57E4A2991C8D1E07002856D1 /* Sources */ = {
			isa = PBXSourcesBuildPhase;
			buildActionMask = 2147483647;
			files = (
				57E4A2A31C8D1E08002856D1 /* ViewController.swift in Sources */,
				57E4A2A11C8D1E08002856D1 /* AppDelegate.swift in Sources */,
			);
			runOnlyForDeploymentPostprocessing = 0;
		};
		57E4A2AD1C8D1E08002856D1 /* Sources */ = {
			isa = PBXSourcesBuildPhase;
			buildActionMask = 2147483647;
			files = (
				57E4A2B61C8D1E08002856D1 /* ImageUploadTestTests.swift in Sources */,
			);
			runOnlyForDeploymentPostprocessing = 0;
		};
		57E4A2B81C8D1E08002856D1 /* Sources */ = {
			isa = PBXSourcesBuildPhase;
			buildActionMask = 2147483647;
			files = (
				57E4A2C11C8D1E08002856D1 /* ImageUploadTestUITests.swift in Sources */,
			);
			runOnlyForDeploymentPostprocessing = 0;
		};
/* End PBXSourcesBuildPhase section */

/* Begin PBXTargetDependency section */
		57E4A2B31C8D1E08002856D1 /* PBXTargetDependency */ = {
			isa = PBXTargetDependency;
			target = 57E4A29C1C8D1E07002856D1 /* ImageUploadTest */;
			targetProxy = 57E4A2B21C8D1E08002856D1 /* PBXContainerItemProxy */;
		};
		57E4A2BE1C8D1E08002856D1 /* PBXTargetDependency */ = {
			isa = PBXTargetDependency;
			target = 57E4A29C1C8D1E07002856D1 /* ImageUploadTest */;
			targetProxy = 57E4A2BD1C8D1E08002856D1 /* PBXContainerItemProxy */;
		};
/* End PBXTargetDependency section */

/* Begin PBXVariantGroup section */
		57E4A2A41C8D1E08002856D1 /* Main.storyboard */ = {
			isa = PBXVariantGroup;
			children = (
				57E4A2A51C8D1E08002856D1 /* Base */,
			);
			name = Main.storyboard;
			sourceTree = "<group>";
		};
		57E4A2A91C8D1E08002856D1 /* LaunchScreen.storyboard */ = {
			isa = PBXVariantGroup;
			children = (
				57E4A2AA1C8D1E08002856D1 /* Base */,
			);
			name = LaunchScreen.storyboard;
			sourceTree = "<group>";
		};
/* End PBXVariantGroup section */

/* Begin XCBuildConfiguration section */
		57E4A2C31C8D1E08002856D1 /* Debug */ = {
			isa = XCBuildConfiguration;
			buildSettings = {
				ALWAYS_SEARCH_USER_PATHS = NO;
				CLANG_CXX_LANGUAGE_STANDARD = "gnu++0x";
				CLANG_CXX_LIBRARY = "libc++";
				CLANG_ENABLE_MODULES = YES;
				CLANG_ENABLE_OBJC_ARC = YES;
				CLANG_WARN_BOOL_CONVERSION = YES;
				CLANG_WARN_CONSTANT_CONVERSION = YES;
				CLANG_WARN_DIRECT_OBJC_ISA_USAGE = YES_ERROR;
				CLANG_WARN_EMPTY_BODY = YES;
				CLANG_WARN_ENUM_CONVERSION = YES;
				CLANG_WARN_INT_CONVERSION = YES;
				CLANG_WARN_OBJC_ROOT_CLASS = YES_ERROR;
				CLANG_WARN_UNREACHABLE_CODE = YES;
				CLANG_WARN__DUPLICATE_METHOD_MATCH = YES;
				"CODE_SIGN_IDENTITY[sdk=iphoneos*]" = "iPhone Developer";
				COPY_PHASE_STRIP = NO;
				DEBUG_INFORMATION_FORMAT = dwarf;
				ENABLE_STRICT_OBJC_MSGSEND = YES;
				ENABLE_TESTABILITY = YES;
				GCC_C_LANGUAGE_STANDARD = gnu99;
				GCC_DYNAMIC_NO_PIC = NO;
				GCC_NO_COMMON_BLOCKS = YES;
				GCC_OPTIMIZATION_LEVEL = 0;
				GCC_PREPROCESSOR_DEFINITIONS = (
					"DEBUG=1",
					"$(inherited)",
				);
				GCC_WARN_64_TO_32_BIT_CONVERSION = YES;
				GCC_WARN_ABOUT_RETURN_TYPE = YES_ERROR;
				GCC_WARN_UNDECLARED_SELECTOR = YES;
				GCC_WARN_UNINITIALIZED_AUTOS = YES_AGGRESSIVE;
				GCC_WARN_UNUSED_FUNCTION = YES;
				GCC_WARN_UNUSED_VARIABLE = YES;
				IPHONEOS_DEPLOYMENT_TARGET = 9.2;
				MTL_ENABLE_DEBUG_INFO = YES;
				ONLY_ACTIVE_ARCH = YES;
				SDKROOT = iphoneos;
				SWIFT_OPTIMIZATION_LEVEL = "-Onone";
			};
			name = Debug;
		};
		57E4A2C41C8D1E08002856D1 /* Release */ = {
			isa = XCBuildConfiguration;
			buildSettings = {
				ALWAYS_SEARCH_USER_PATHS = NO;
				CLANG_CXX_LANGUAGE_STANDARD = "gnu++0x";
				CLANG_CXX_LIBRARY = "libc++";
				CLANG_ENABLE_MODULES = YES;
				CLANG_ENABLE_OBJC_ARC = YES;
				CLANG_WARN_BOOL_CONVERSION = YES;
				CLANG_WARN_CONSTANT_CONVERSION = YES;
				CLANG_WARN_DIRECT_OBJC_ISA_USAGE = YES_ERROR;
				CLANG_WARN_EMPTY_BODY = YES;
				CLANG_WARN_ENUM_CONVERSION = YES;
				CLANG_WARN_INT_CONVERSION = YES;
				CLANG_WARN_OBJC_ROOT_CLASS = YES_ERROR;
				CLANG_WARN_UNREACHABLE_CODE = YES;
				CLANG_WARN__DUPLICATE_METHOD_MATCH = YES;
				"CODE_SIGN_IDENTITY[sdk=iphoneos*]" = "iPhone Developer";
				COPY_PHASE_STRIP = NO;
				DEBUG_INFORMATION_FORMAT = "dwarf-with-dsym";
				ENABLE_NS_ASSERTIONS = NO;
				ENABLE_STRICT_OBJC_MSGSEND = YES;
				GCC_C_LANGUAGE_STANDARD = gnu99;
				GCC_NO_COMMON_BLOCKS = YES;
				GCC_WARN_64_TO_32_BIT_CONVERSION = YES;
				GCC_WARN_ABOUT_RETURN_TYPE = YES_ERROR;
				GCC_WARN_UNDECLARED_SELECTOR = YES;
				GCC_WARN_UNINITIALIZED_AUTOS = YES_AGGRESSIVE;
				GCC_WARN_UNUSED_FUNCTION = YES;
				GCC_WARN_UNUSED_VARIABLE = YES;
				IPHONEOS_DEPLOYMENT_TARGET = 9.2;
				MTL_ENABLE_DEBUG_INFO = NO;
				SDKROOT = iphoneos;
				VALIDATE_PRODUCT = YES;
			};
			name = Release;
		};
		57E4A2C61C8D1E08002856D1 /* Debug */ = {
			isa = XCBuildConfiguration;
			buildSettings = {
				ASSETCATALOG_COMPILER_APPICON_NAME = AppIcon;
				INFOPLIST_FILE = ImageUploadTest/Info.plist;
				LD_RUNPATH_SEARCH_PATHS = "$(inherited) @executable_path/Frameworks";
				PRODUCT_BUNDLE_IDENTIFIER = com.startofonepoint.ImageUploadTest;
				PRODUCT_NAME = "$(TARGET_NAME)";
			};
			name = Debug;
		};
		57E4A2C71C8D1E08002856D1 /* Release */ = {
			isa = XCBuildConfiguration;
			buildSettings = {
				ASSETCATALOG_COMPILER_APPICON_NAME = AppIcon;
				INFOPLIST_FILE = ImageUploadTest/Info.plist;
				LD_RUNPATH_SEARCH_PATHS = "$(inherited) @executable_path/Frameworks";
				PRODUCT_BUNDLE_IDENTIFIER = com.startofonepoint.ImageUploadTest;
				PRODUCT_NAME = "$(TARGET_NAME)";
			};
			name = Release;
		};
		57E4A2C91C8D1E08002856D1 /* Debug */ = {
			isa = XCBuildConfiguration;
			buildSettings = {
				BUNDLE_LOADER = "$(TEST_HOST)";
				INFOPLIST_FILE = ImageUploadTestTests/Info.plist;
				LD_RUNPATH_SEARCH_PATHS = "$(inherited) @executable_path/Frameworks @loader_path/Frameworks";
				PRODUCT_BUNDLE_IDENTIFIER = com.startofonepoint.ImageUploadTestTests;
				PRODUCT_NAME = "$(TARGET_NAME)";
				TEST_HOST = "$(BUILT_PRODUCTS_DIR)/ImageUploadTest.app/ImageUploadTest";
			};
			name = Debug;
		};
		57E4A2CA1C8D1E08002856D1 /* Release */ = {
			isa = XCBuildConfiguration;
			buildSettings = {
				BUNDLE_LOADER = "$(TEST_HOST)";
				INFOPLIST_FILE = ImageUploadTestTests/Info.plist;
				LD_RUNPATH_SEARCH_PATHS = "$(inherited) @executable_path/Frameworks @loader_path/Frameworks";
				PRODUCT_BUNDLE_IDENTIFIER = com.startofonepoint.ImageUploadTestTests;
				PRODUCT_NAME = "$(TARGET_NAME)";
				TEST_HOST = "$(BUILT_PRODUCTS_DIR)/ImageUploadTest.app/ImageUploadTest";
			};
			name = Release;
		};
		57E4A2CC1C8D1E08002856D1 /* Debug */ = {
			isa = XCBuildConfiguration;
			buildSettings = {
				INFOPLIST_FILE = ImageUploadTestUITests/Info.plist;
				LD_RUNPATH_SEARCH_PATHS = "$(inherited) @executable_path/Frameworks @loader_path/Frameworks";
				PRODUCT_BUNDLE_IDENTIFIER = com.startofonepoint.ImageUploadTestUITests;
				PRODUCT_NAME = "$(TARGET_NAME)";
				TEST_TARGET_NAME = ImageUploadTest;
				USES_XCTRUNNER = YES;
			};
			name = Debug;
		};
		57E4A2CD1C8D1E08002856D1 /* Release */ = {
			isa = XCBuildConfiguration;
			buildSettings = {
				INFOPLIST_FILE = ImageUploadTestUITests/Info.plist;
				LD_RUNPATH_SEARCH_PATHS = "$(inherited) @executable_path/Frameworks @loader_path/Frameworks";
				PRODUCT_BUNDLE_IDENTIFIER = com.startofonepoint.ImageUploadTestUITests;
				PRODUCT_NAME = "$(TARGET_NAME)";
				TEST_TARGET_NAME = ImageUploadTest;
				USES_XCTRUNNER = YES;
			};
			name = Release;
		};
/* End XCBuildConfiguration section */

/* Begin XCConfigurationList section */
		57E4A2981C8D1E07002856D1 /* Build configuration list for PBXProject "ImageUploadTest" */ = {
			isa = XCConfigurationList;
			buildConfigurations = (
				57E4A2C31C8D1E08002856D1 /* Debug */,
				57E4A2C41C8D1E08002856D1 /* Release */,
			);
			defaultConfigurationIsVisible = 0;
			defaultConfigurationName = Release;
		};
		57E4A2C51C8D1E08002856D1 /* Build configuration list for PBXNativeTarget "ImageUploadTest" */ = {
			isa = XCConfigurationList;
			buildConfigurations = (
				57E4A2C61C8D1E08002856D1 /* Debug */,
				57E4A2C71C8D1E08002856D1 /* Release */,
			);
			defaultConfigurationIsVisible = 0;
		};
		57E4A2C81C8D1E08002856D1 /* Build configuration list for PBXNativeTarget "ImageUploadTestTests" */ = {
			isa = XCConfigurationList;
			buildConfigurations = (
				57E4A2C91C8D1E08002856D1 /* Debug */,
				57E4A2CA1C8D1E08002856D1 /* Release */,
			);
			defaultConfigurationIsVisible = 0;
		};
		57E4A2CB1C8D1E08002856D1 /* Build configuration list for PBXNativeTarget "ImageUploadTestUITests" */ = {
			isa = XCConfigurationList;
			buildConfigurations = (
				57E4A2CC1C8D1E08002856D1 /* Debug */,
				57E4A2CD1C8D1E08002856D1 /* Release */,
			);
			defaultConfigurationIsVisible = 0;
		};
/* End XCConfigurationList section */
	};
	rootObject = 57E4A2951C8D1E07002856D1 /* Project object */;
}
